
Microsoft Visual Studio Solution File, Format Version 12.00
# Visual Studio 15
VisualStudioVersion = 15.0.27130.2024
MinimumVisualStudioVersion = 10.0.40219.1
Project("{FAE04EC0-301F-11D3-BF4B-00C04F79EFBC}") = "orderGraphis", "orderGraphis\orderGraphis.csproj", "{664069F9-AB5E-4C96-920E-58DDE979199B}"
EndProject
Project("{FAE04EC0-301F-11D3-BF4B-00C04F79EFBC}") = "ordertest", "ordertest\ordertest.csproj", "{135D4574-CCB5-4D2C-A094-32E5C34632F9}"
EndProject
Global
	GlobalSection(SolutionConfigurationPlatforms) = preSolution
		Debug|Any CPU = Debug|Any CPU
		Release|Any CPU = Release|Any CPU
	EndGlobalSection
	GlobalSection(ProjectConfigurationPlatforms) = postSolution
		{664069F9-AB5E-4C96-920E-58DDE979199B}.Debug|Any CPU.ActiveCfg = Debug|Any CPU
		{664069F9-AB5E-4C96-920E-58DDE979199B}.Debug|Any CPU.Build.0 = Debug|Any CPU
		{664069F9-AB5E-4C96-920E-58DDE979199B}.Release|Any CPU.ActiveCfg = Release|Any CPU
		{664069F9-AB5E-4C96-920E-58DDE979199B}.Release|Any CPU.Build.0 = Release|Any CPU
		{135D4574-CCB5-4D2C-A094-32E5C34632F9}.Debug|Any CPU.ActiveCfg = Debug|Any CPU
		{135D4574-CCB5-4D2C-A094-32E5C34632F9}.Debug|Any CPU.Build.0 = Debug|Any CPU
		{135D4574-CCB5-4D2C-A094-32E5C34632F9}.Release|Any CPU.ActiveCfg = Release|Any CPU
		{135D4574-CCB5-4D2C-A094-32E5C34632F9}.Release|Any CPU.Build.0 = Release|Any CPU
	EndGlobalSection
	GlobalSection(SolutionProperties) = preSolution
		HideSolutionNode = FALSE
	EndGlobalSection
	GlobalSection(ExtensibilityGlobals) = postSolution
		SolutionGuid = {80452380-4BC5-48DD-AD4B-FEC5354E623B}
	EndGlobalSection
EndGlobal
